{
  "name": "say-it-sammy",
  "version": "1.0.0",
  "lockfileVersion": 2,
  "requires": true,
  "packages": {
    "": {
      "name": "say-it-sammy",
      "version": "1.0.0",
      "dependencies": {
        "random": "^3.0.6"
      }
    },
    "node_modules/random": {
      "version": "3.0.6",
      "resolved": "https://registry.npmjs.org/random/-/random-3.0.6.tgz",
      "integrity": "sha512-B53pp/8eFBxULg6sfQgjjmy3vZ2CWVt0Nk4OgkSpvmAf3VXfcEUgGASbNWbXiTiExWe8hCIf5HlddNHzrte9jg==",
      "dependencies": {
        "seedrandom": "^3.0.5"
      },
      "engines": {
        "node": ">=10"
      }
    },
    "node_modules/seedrandom": {
      "version": "3.0.5",
      "resolved": "https://registry.npmjs.org/seedrandom/-/seedrandom-3.0.5.tgz",
      "integrity": "sha512-8OwmbklUNzwezjGInmZ+2clQmExQPvomqjL7LFqOYqtmuxRgQYqOD3mHaU+MvZn5FLUeVxVfQjwLZW/n/JFuqg=="
    }
  },
  "dependencies": {
    "random": {
      "version": "3.0.6",
      "resolved": "https://registry.npmjs.org/random/-/random-3.0.6.tgz",
      "integrity": "sha512-B53pp/8eFBxULg6sfQgjjmy3vZ2CWVt0Nk4OgkSpvmAf3VXfcEUgGASbNWbXiTiExWe8hCIf5HlddNHzrte9jg==",
      "requires": {
        "seedrandom": "^3.0.5"
      }
    },
    "seedrandom": {
      "version": "3.0.5",
      "resolved": "https://registry.npmjs.org/seedrandom/-/seedrandom-3.0.5.tgz",
      "integrity": "sha512-8OwmbklUNzwezjGInmZ+2clQmExQPvomqjL7LFqOYqtmuxRgQYqOD3mHaU+MvZn5FLUeVxVfQjwLZW/n/JFuqg=="
    }
  }
}
